
# THIS IS AN AUTOGENERATED FILE. DO NOT EDIT THIS FILE DIRECTLY.
# yarn lockfile v1


"@ampproject/remapping@^2.0.0":
  version "2.0.4"
  resolved "https://registry.yarnpkg.com/@ampproject/remapping/-/remapping-2.0.4.tgz#ab4b6d858526ebee0d6c3aa5c3fb56a941c0d7be"
  integrity sha512-zU3pj3pf//YhaoozRTYKaL20KopXrzuZFc/8Ylc49AuV8grYKH23TTq9JJoR70F8zQbil58KjSchZTWeX+jrIQ==
  dependencies:
    "@jridgewell/trace-mapping" "^0.3.0"

"@ampproject/remapping@^2.1.0":
  version "2.1.2"
  resolved "https://registry.yarnpkg.com/@ampproject/remapping/-/remapping-2.1.2.tgz#4edca94973ded9630d20101cd8559cedb8d8bd34"
  integrity sha512-hoyByceqwKirw7w3Z7gnIIZC3Wx3J484Y3L/cMpXFbr7d9ZQj2mODrirNzcJa+SM3UlpWXYvKV4RlRpFXlWgXg==
  dependencies:
    "@jridgewell/trace-mapping" "^0.3.0"

"@babel/code-frame@^7.0.0", "@babel/code-frame@^7.16.7":
  version "7.16.7"
  resolved "https://registry.yarnpkg.com/@babel/code-frame/-/code-frame-7.16.7.tgz#44416b6bd7624b998f5b1af5d470856c40138789"
  integrity sha512-iAXqUn8IIeBTNd72xsFlgaXHkMBMt6y4HJp1tIaK465CWLT/fG1aqB7ykr95gHHmlBdGbFeWWfyB4NJJ0nmeIg==
  dependencies:
    "@babel/highlight" "^7.16.7"

"@babel/code-frame@~7.10.4":
  version "7.10.4"
  resolved "https://registry.yarnpkg.com/@babel/code-frame/-/code-frame-7.10.4.tgz#168da1a36e90da68ae8d49c0f1b48c7c6249213a"
  integrity sha512-vG6SvB6oYEhvgisZNFRmRCUkLz11c7rp+tbNTynGqc6mS1d5ATd/sGyV6W0KZZnXRKMTzZDRgQT3Ou9jhpAfUg==
  dependencies:
    "@babel/highlight" "^7.10.4"

"@babel/compat-data@^7.13.11", "@babel/compat-data@^7.16.4", "@babel/compat-data@^7.16.8":
  version "7.17.0"
  resolved "https://registry.yarnpkg.com/@babel/compat-data/-/compat-data-7.17.0.tgz#86850b8597ea6962089770952075dcaabb8dba34"
  integrity sha512-392byTlpGWXMv4FbyWw3sAZ/FrW/DrwqLGXpy0mbyNe9Taqv1mg9yON5/o0cnr8XYCkFTZbC1eV+c+LAROgrng==

"@babel/core@^7.0.0", "@babel/core@^7.1.6", "@babel/core@^7.12.9":
  version "7.17.0"
  resolved "https://registry.yarnpkg.com/@babel/core/-/core-7.17.0.tgz#16b8772b0a567f215839f689c5ded6bb20e864d5"
  integrity sha512-x/5Ea+RO5MvF9ize5DeVICJoVrNv0Mi2RnIABrZEKYvPEpldXwauPkgvYA17cKa6WpU3LoYvYbuEMFtSNFsarA==
  dependencies:
    "@ampproject/remapping" "^2.0.0"
    "@babel/code-frame" "^7.16.7"
    "@babel/generator" "^7.17.0"
    "@babel/helper-compilation-targets" "^7.16.7"
    "@babel/helper-module-transforms" "^7.16.7"
    "@babel/helpers" "^7.17.0"
    "@babel/parser" "^7.17.0"
    "@babel/template" "^7.16.7"
    "@babel/traverse" "^7.17.0"
    "@babel/types" "^7.17.0"
    convert-source-map "^1.7.0"
    debug "^4.1.0"
    gensync "^1.0.0-beta.2"
    json5 "^2.1.2"
    semver "^6.3.0"

"@babel/core@^7.13.16":