
# THIS IS AN AUTOGENERATED FILE. DO NOT EDIT THIS FILE DIRECTLY.
# yarn lockfile v1


"@ampproject/remapping@^2.0.0":
  version "2.0.4"
  resolved "https://registry.yarnpkg.com/@ampproject/remapping/-/remapping-2.0.4.tgz#ab4b6d858526ebee0d6c3aa5c3fb56a941c0d7be"
  integrity sha512-zU3pj3pf//YhaoozRTYKaL20KopXrzuZFc/8Ylc49AuV8grYKH23TTq9JJoR70F8zQbil58KjSchZTWeX+jrIQ==
  dependencies:
    "@jridgewell/trace-mapping" "^0.3.0"

"@ampproject/remapping@^2.1.0":
  version "2.1.2"
  resolved "https://registry.yarnpkg.com/@ampproject/remapping/-/remapping-2.1.2.tgz#4edca94973ded9630d20101cd8559cedb8d8bd34"
  integrity sha512-hoyByceqwKirw7w3Z7gnIIZC3Wx3J484Y3L/cMpXFbr7d9ZQj2mODrirNzcJa+SM3UlpWXYvKV4RlRpFXlWgXg==
  dependencies:
    "@jridgewell/trace-mapping" "^0.3.0"

"@babel/code-frame@^7.0.0", "@babel/code-frame@^7.16.7":
  version "7.16.7"
  resolved "https://registry.yarnpkg.com/@babel/code-frame/-/code-frame-7.16.7.tgz#44416b6bd7624b998f5b1af5d470856c40138789"
  integrity sha512-iAXqUn8IIeBTNd72xsFlgaXHkMBMt6y4HJp1tIaK465CWLT/fG1aqB7ykr95gHHmlBdGbFeWWfyB4NJJ0nmeIg==
  dependencies:
    "@babel/highlight" "^7.16.7"

"@babel/code-frame@~7.10.4":
  version "7.10.4"
  resolved "https://registry.yarnpkg.com/@babel/code-frame/-/code-frame-7.10.4.tgz#168da1a36e90da68ae8d49c0f1b48c7c6249213a"
  integrity sha512-vG6SvB6oYEhvgisZNFRmRCUkLz11c7rp+tbNTynGqc6mS1d5ATd/sGyV6W0KZZnXRKMTzZDRgQT3Ou9jhpAfUg==
  dependencies:
    "@babel/highlight" "^7.10.4"

"@babel/compat-data@^7.13.11", "@babel/compat-data@^7.16.4", "@babel/compat-data@^7.16.8":